<?xml version="1.0" encoding="UTF-8"?>
<!DOCTYPE plist PUBLIC "-//Apple//DTD PLIST 1.0//EN" "http://www.apple.com/DTDs/PropertyList-1.0.dtd">
<plist version="1.0">
<dict>
	<key>hostname</key>
	<string>192.168.1.3</string>
	<key>hostuuid</key>
	<string>21AF3E58-6B20-5DE6-9630-1D8100C77ECE</string>
	<key>pid</key>
	<integer>1817</integer>
	<key>processname</key>
	<string>photolibraryd</string>
	<key>uid</key>
	<integer>501</integer>
</dict>
</plist>
